// !$*UTF8*$!
{
	archiveVersion = 1;
	classes = {
	};
	objectVersion = 50;
	objects = {

/* Begin PBXBuildFile section */
		214CE69225D7D3AC0079A959 /* AppDelegate.swift in Sources */ = {isa = PBXBuildFile; fileRef = 214CE69125D7D3AC0079A959 /* AppDelegate.swift */; };
		214CE69425D7D3AC0079A959 /* SceneDelegate.swift in Sources */ = {isa = PBXBuildFile; fileRef = 214CE69325D7D3AC0079A959 /* SceneDelegate.swift */; };
		214CE69625D7D3AC0079A959 /* ViewController.swift in Sources */ = {isa = PBXBuildFile; fileRef = 214CE69525D7D3AC0079A959 /* ViewController.swift */; };
		214CE69925D7D3AC0079A959 /* Main.storyboard in Resources */ = {isa = PBXBuildFile; fileRef = 214CE69725D7D3AC0079A959 /* Main.storyboard */; };
		214CE69B25D7D3AD0079A959 /* Assets.xcassets in Resources */ = {isa = PBXBuildFile; fileRef = 214CE69A25D7D3AD0079A959 /* Assets.xcassets */; };
		214CE69E25D7D3AD0079A959 /* LaunchScreen.storyboard in Resources */ = {isa = PBXBuildFile; fileRef = 214CE69C25D7D3AD0079A959 /* LaunchScreen.storyboard */; };
		214CE6A925D7D3AD0079A959 /* Project2Tests.swift in Sources */ = {isa = PBXBuildFile; fileRef = 214CE6A825D7D3AD0079A959 /* Project2Tests.swift */; };
		214CE6B425D7D3AD0079A959 /* Project2UITests.swift in Sources */ = {isa = PBXBuildFile; fileRef = 214CE6B325D7D3AD0079A959 /* Project2UITests.swift */; };
/* End PBXBuildFile section */

/* Begin PBXContainerItemProxy section */
		214CE6A525D7D3AD0079A959 /* PBXContainerItemProxy */ = {
			isa = PBXContainerItemProxy;
			containerPortal = 214CE68625D7D3AC0079A959 /* Project object */;
			proxyType = 1;
			remoteGlobalIDString = 214CE68D25D7D3AC0079A959;
			remoteInfo = Project2;
		};
		214CE6B025D7D3AD0079A959 /* PBXContainerItemProxy */ = {
			isa = PBXContainerItemProxy;
			containerPortal = 214CE68625D7D3AC0079A959 /* Project object */;
			proxyType = 1;
			remoteGlobalIDString = 214CE68D25D7D3AC0079A959;
			remoteInfo = Project2;
		};
/* End PBXContainerItemProxy section */

/* Begin PBXFileReference section */
		214CE68E25D7D3AC0079A959 /* Project2.app */ = {isa = PBXFileReference; explicitFileType = wrapper.application; includeInIndex = 0; path = Project2.app; sourceTree = BUILT_PRODUCTS_DIR; };
		214CE69125D7D3AC0079A959 /* AppDelegate.swift */ = {isa = PBXFileReference; lastKnownFileType = sourcecode.swift; path = AppDelegate.swift; sourceTree = "<group>"; };
		214CE69325D7D3AC0079A959 /* SceneDelegate.swift */ = {isa = PBXFileReference; lastKnownFileType = sourcecode.swift; path = SceneDelegate.swift; sourceTree = "<group>"; };
		214CE69525D7D3AC0079A959 /* ViewController.swift */ = {isa = PBXFileReference; lastKnownFileType = sourcecode.swift; path = ViewController.swift; sourceTree = "<group>"; };
		214CE69825D7D3AC0079A959 /* Base */ = {isa = PBXFileReference; lastKnownFileType = file.storyboard; name = Base; path = Base.lproj/Main.storyboard; sourceTree = "<group>"; };
		214CE69A25D7D3AD0079A959 /* Assets.xcassets */ = {isa = PBXFileReference; lastKnownFileType = folder.assetcatalog; path = Assets.xcassets; sourceTree = "<group>"; };
		214CE69D25D7D3AD0079A959 /* Base */ = {isa = PBXFileReference; lastKnownFileType = file.storyboard; name = Base; path = Base.lproj/LaunchScreen.storyboard; sourceTree = "<group>"; };
		214CE69F25D7D3AD0079A959 /* Info.plist */ = {isa = PBXFileReference; lastKnownFileType = text.plist.xml; path = Info.plist; sourceTree = "<group>"; };
		214CE6A425D7D3AD0079A959 /* Project2Tests.xctest */ = {isa = PBXFileReference; explicitFileType = wrapper.cfbundle; includeInIndex = 0; path = Project2Tests.xctest; sourceTree = BUILT_PRODUCTS_DIR; };
		214CE6A825D7D3AD0079A959 /* Project2Tests.swift */ = {isa = PBXFileReference; lastKnownFileType = sourcecode.swift; path = Project2Tests.swift; sourceTree = "<group>"; };
		214CE6AA25D7D3AD0079A959 /* Info.plist */ = {isa = PBXFileReference; lastKnownFileType = text.plist.xml; path = Info.plist; sourceTree = "<group>"; };
		214CE6AF25D7D3AD0079A959 /* Project2UITests.xctest */ = {isa = PBXFileReference; explicitFileType = wrapper.cfbundle; includeInIndex = 0; path = Project2UITests.xctest; sourceTree = BUILT_PRODUCTS_DIR; };
		214CE6B325D7D3AD0079A959 /* Project2UITests.swift */ = {isa = PBXFileReference; lastKnownFileType = sourcecode.swift; path = Project2UITests.swift; sourceTree = "<group>"; };
		214CE6B525D7D3AD0079A959 /* Info.plist */ = {isa = PBXFileReference; lastKnownFileType = text.plist.xml; path = Info.plist; sourceTree = "<group>"; };
/* End PBXFileReference section */

/* Begin PBXFrameworksBuildPhase section */
		214CE68B25D7D3AC0079A959 /* Frameworks */ = {
			isa = PBXFrameworksBuildPhase;
			buildActionMask = 2147483647;
			files = (
			);
			runOnlyForDeploymentPostprocessing = 0;
		};
		214CE6A125D7D3AD0079A959 /* Frameworks */ = {
			isa = PBXFrameworksBuildPhase;
			buildActionMask = 2147483647;
			files = (
			);
			runOnlyForDeploymentPostprocessing = 0;
		};
		214CE6AC25D7D3AD0079A959 /* Frameworks */ = {
			isa = PBXFrameworksBuildPhase;
			buildActionMask = 2147483647;
			files = (
			);
			runOnlyForDeploymentPostprocessing = 0;
		};
/* End PBXFrameworksBuildPhase section */

/* Begin PBXGroup section */
		214CE68525D7D3AC0079A959 = {
			isa = PBXGroup;
			children = (
				214CE69025D7D3AC0079A959 /* Project2 */,
				214CE6A725D7D3AD0079A959 /* Project2Tests */,
				214CE6B225D7D3AD0079A959 /* Project2UITests */,
				214CE68F25D7D3AC0079A959 /* Products */,
			);
			sourceTree = "<group>";
		};
		214CE68F25D7D3AC0079A959 /* Products */ = {
			isa = PBXGroup;
			children = (
				214CE68E25D7D3AC0079A959 /* Project2.app */,
				214CE6A425D7D3AD0079A959 /* Project2Tests.xctest */,
				214CE6AF25D7D3AD0079A959 /* Project2UITests.xctest */,
			);
			name = Products;
			sourceTree = "<group>";
		};
		214CE69025D7D3AC0079A959 /* Project2 */ = {
			isa = PBXGroup;
			children = (
				214CE69125D7D3AC0079A959 /* AppDelegate.swift */,
				214CE69325D7D3AC0079A959 /* SceneDelegate.swift */,
				214CE69525D7D3AC0079A959 /* ViewController.swift */,
				214CE69725D7D3AC0079A959 /* Main.storyboard */,
				214CE69A25D7D3AD0079A959 /* Assets.xcassets */,
				214CE69C25D7D3AD0079A959 /* LaunchScreen.storyboard */,
				214CE69F25D7D3AD0079A959 /* Info.plist */,
			);
			path = Project2;
			sourceTree = "<group>";
		};
		214CE6A725D7D3AD0079A959 /* Project2Tests */ = {
			isa = PBXGroup;
			children = (
				214CE6A825D7D3AD0079A959 /* Project2Tests.swift */,
				214CE6AA25D7D3AD0079A959 /* Info.plist */,
			);
			path = Project2Tests;
			sourceTree = "<group>";
		};
		214CE6B225D7D3AD0079A959 /* Project2UITests */ = {
			isa = PBXGroup;
			children = (
				214CE6B325D7D3AD0079A959 /* Project2UITests.swift */,
				214CE6B525D7D3AD0079A959 /* Info.plist */,
			);
			path = Project2UITests;
			sourceTree = "<group>";
		};
/* End PBXGroup section */

/* Begin PBXNativeTarget section */
		214CE68D25D7D3AC0079A959 /* Project2 */ = {
			isa = PBXNativeTarget;
			buildConfigurationList = 214CE6B825D7D3AD0079A959 /* Build configuration list for PBXNativeTarget "Project2" */;
			buildPhases = (
				214CE68A25D7D3AC0079A959 /* Sources */,
				214CE68B25D7D3AC0079A959 /* Frameworks */,
				214CE68C25D7D3AC0079A959 /* Resources */,
			);
			buildRules = (
			);
			dependencies = (
			);
			name = Project2;
			productName = Project2;
			productReference = 214CE68E25D7D3AC0079A959 /* Project2.app */;
			productType = "com.apple.product-type.application";
		};
		214CE6A325D7D3AD0079A959 /* Project2Tests */ = {
			isa = PBXNativeTarget;
			buildConfigurationList = 214CE6BB25D7D3AD0079A959 /* Build configuration list for PBXNativeTarget "Project2Tests" */;
			buildPhases = (
				214CE6A025D7D3AD0079A959 /* Sources */,
				214CE6A125D7D3AD0079A959 /* Frameworks */,
				214CE6A225D7D3AD0079A959 /* Resources */,
			);
			buildRules = (
			);
			dependencies = (
				214CE6A625D7D3AD0079A959 /* PBXTargetDependency */,
			);
			name = Project2Tests;
			productName = Project2Tests;
			productReference = 214CE6A425D7D3AD0079A959 /* Project2Tests.xctest */;
			productType = "com.apple.product-type.bundle.unit-test";
		};
		214CE6AE25D7D3AD0079A959 /* Project2UITests */ = {
			isa = PBXNativeTarget;
			buildConfigurationList = 214CE6BE25D7D3AD0079A959 /* Build configuration list for PBXNativeTarget "Project2UITests" */;
			buildPhases = (
				214CE6AB25D7D3AD0079A959 /* Sources */,
				214CE6AC25D7D3AD0079A959 /* Frameworks */,
				214CE6AD25D7D3AD0079A959 /* Resources */,
			);
			buildRules = (
			);
			dependencies = (
				214CE6B125D7D3AD0079A959 /* PBXTargetDependency */,
			);
			name = Project2UITests;
			productName = Project2UITests;
			productReference = 214CE6AF25D7D3AD0079A959 /* Project2UITests.xctest */;
			productType = "com.apple.product-type.bundle.ui-testing";
		};
/* End PBXNativeTarget section */

/* Begin PBXProject section */
		214CE68625D7D3AC0079A959 /* Project object */ = {
			isa = PBXProject;
			attributes = {
				LastSwiftUpdateCheck = 1240;
				LastUpgradeCheck = 1240;
				TargetAttributes = {
					214CE68D25D7D3AC0079A959 = {
						CreatedOnToolsVersion = 12.4;
					};
					214CE6A325D7D3AD0079A959 = {
						CreatedOnToolsVersion = 12.4;
						TestTargetID = 214CE68D25D7D3AC0079A959;
					};
					214CE6AE25D7D3AD0079A959 = {
						CreatedOnToolsVersion = 12.4;
						TestTargetID = 214CE68D25D7D3AC0079A959;
					};
				};
			};
			buildConfigurationList = 214CE68925D7D3AC0079A959 /* Build configuration list for PBXProject "Project2" */;
			compatibilityVersion = "Xcode 9.3";
			developmentRegion = en;
			hasScannedForEncodings = 0;
			knownRegions = (
				en,
				Base,
			);
			mainGroup = 214CE68525D7D3AC0079A959;
			productRefGroup = 214CE68F25D7D3AC0079A959 /* Products */;
			projectDirPath = "";
			projectRoot = "";
			targets = (
				214CE68D25D7D3AC0079A959 /* Project2 */,
				214CE6A325D7D3AD0079A959 /* Project2Tests */,
				214CE6AE25D7D3AD0079A959 /* Project2UITests */,
			);
		};
/* End PBXProject section */

/* Begin PBXResourcesBuildPhase section */
		214CE68C25D7D3AC0079A959 /* Resources */ = {
			isa = PBXResourcesBuildPhase;
			buildActionMask = 2147483647;
			files = (
				214CE69E25D7D3AD0079A959 /* LaunchScreen.storyboard in Resources */,
				214CE69B25D7D3AD0079A959 /* Assets.xcassets in Resources */,
				214CE69925D7D3AC0079A959 /* Main.storyboard in Resources */,
			);
			runOnlyForDeploymentPostprocessing = 0;
		};
		214CE6A225D7D3AD0079A959 /* Resources */ = {
			isa = PBXResourcesBuildPhase;
			buildActionMask = 2147483647;
			files = (
			);
			runOnlyForDeploymentPostprocessing = 0;
		};
		214CE6AD25D7D3AD0079A959 /* Resources */ = {
			isa = PBXResourcesBuildPhase;
			buildActionMask = 2147483647;
			files = (
			);
			runOnlyForDeploymentPostprocessing = 0;
		};
/* End PBXResourcesBuildPhase section */

/* Begin PBXSourcesBuildPhase section */
		214CE68A25D7D3AC0079A959 /* Sources */ = {
			isa = PBXSourcesBuildPhase;
			buildActionMask = 2147483647;
			files = (
				214CE69625D7D3AC0079A959 /* ViewController.swift in Sources */,
				214CE69225D7D3AC0079A959 /* AppDelegate.swift in Sources */,
				214CE69425D7D3AC0079A959 /* SceneDelegate.swift in Sources */,
			);
			runOnlyForDeploymentPostprocessing = 0;
		};
		214CE6A025D7D3AD0079A959 /* Sources */ = {
			isa = PBXSourcesBuildPhase;
			buildActionMask = 2147483647;
			files = (
				214CE6A925D7D3AD0079A959 /* Project2Tests.swift in Sources */,
			);
			runOnlyForDeploymentPostprocessing = 0;
		};
		214CE6AB25D7D3AD0079A959 /* Sources */ = {
			isa = PBXSourcesBuildPhase;
			buildActionMask = 2147483647;
			files = (
				214CE6B425D7D3AD0079A959 /* Project2UITests.swift in Sources */,
			);
			runOnlyForDeploymentPostprocessing = 0;
		};
/* End PBXSourcesBuildPhase section */

/* Begin PBXTargetDependency section */
		214CE6A625D7D3AD0079A959 /* PBXTargetDependency */ = {
			isa = PBXTargetDependency;
			target = 214CE68D25D7D3AC0079A959 /* Project2 */;
			targetProxy = 214CE6A525D7D3AD0079A959 /* PBXContainerItemProxy */;
		};
		214CE6B125D7D3AD0079A959 /* PBXTargetDependency */ = {
			isa = PBXTargetDependency;
			target = 214CE68D25D7D3AC0079A959 /* Project2 */;
			targetProxy = 214CE6B025D7D3AD0079A959 /* PBXContainerItemProxy */;
		};
/* End PBXTargetDependency section */

/* Begin PBXVariantGroup section */
		214CE69725D7D3AC0079A959 /* Main.storyboard */ = {
			isa = PBXVariantGroup;
			children = (
				214CE69825D7D3AC0079A959 /* Base */,
			);
			name = Main.storyboard;
			sourceTree = "<group>";
		};
		214CE69C25D7D3AD0079A959 /* LaunchScreen.storyboard */ = {
			isa = PBXVariantGroup;
			children = (
				214CE69D25D7D3AD0079A959 /* Base */,
			);
			name = LaunchScreen.storyboard;
			sourceTree = "<group>";
		};
/* End PBXVariantGroup section */

/* Begin XCBuildConfiguration section */
		214CE6B625D7D3AD0079A959 /* Debug */ = {
			isa = XCBuildConfiguration;
			buildSettings = {
				ALWAYS_SEARCH_USER_PATHS = NO;
				CLANG_ANALYZER_NONNULL = YES;
				CLANG_ANALYZER_NUMBER_OBJECT_CONVERSION = YES_AGGRESSIVE;
				CLANG_CXX_LANGUAGE_STANDARD = "gnu++14";
				CLANG_CXX_LIBRARY = "libc++";
				CLANG_ENABLE_MODULES = YES;
				CLANG_ENABLE_OBJC_ARC = YES;
				CLANG_ENABLE_OBJC_WEAK = YES;
				CLANG_WARN_BLOCK_CAPTURE_AUTORELEASING = YES;
				CLANG_WARN_BOOL_CONVERSION = YES;
				CLANG_WARN_COMMA = YES;
				CLANG_WARN_CONSTANT_CONVERSION = YES;
				CLANG_WARN_DEPRECATED_OBJC_IMPLEMENTATIONS = YES;
				CLANG_WARN_DIRECT_OBJC_ISA_USAGE = YES_ERROR;
				CLANG_WARN_DOCUMENTATION_COMMENTS = YES;
				CLANG_WARN_EMPTY_BODY = YES;
				CLANG_WARN_ENUM_CONVERSION = YES;
				CLANG_WARN_INFINITE_RECURSION = YES;
				CLANG_WARN_INT_CONVERSION = YES;
				CLANG_WARN_NON_LITERAL_NULL_CONVERSION = YES;
				CLANG_WARN_OBJC_IMPLICIT_RETAIN_SELF = YES;
				CLANG_WARN_OBJC_LITERAL_CONVERSION = YES;
				CLANG_WARN_OBJC_ROOT_CLASS = YES_ERROR;
				CLANG_WARN_QUOTED_INCLUDE_IN_FRAMEWORK_HEADER = YES;
				CLANG_WARN_RANGE_LOOP_ANALYSIS = YES;
				CLANG_WARN_STRICT_PROTOTYPES = YES;
				CLANG_WARN_SUSPICIOUS_MOVE = YES;
				CLANG_WARN_UNGUARDED_AVAILABILITY = YES_AGGRESSIVE;
				CLANG_WARN_UNREACHABLE_CODE = YES;
				CLANG_WARN__DUPLICATE_METHOD_MATCH = YES;
				COPY_PHASE_STRIP = NO;
				DEBUG_INFORMATION_FORMAT = dwarf;
				ENABLE_STRICT_OBJC_MSGSEND = YES;
				ENABLE_TESTABILITY = YES;
				GCC_C_LANGUAGE_STANDARD = gnu11;
				GCC_DYNAMIC_NO_PIC = NO;
				GCC_NO_COMMON_BLOCKS = YES;
				GCC_OPTIMIZATION_LEVEL = 0;
				GCC_PREPROCESSOR_DEFINITIONS = (
					"DEBUG=1",
					"$(inherited)",
				);
				GCC_WARN_64_TO_32_BIT_CONVERSION = YES;
				GCC_WARN_ABOUT_RETURN_TYPE = YES_ERROR;
				GCC_WARN_UNDECLARED_SELECTOR = YES;
				GCC_WARN_UNINITIALIZED_AUTOS = YES_AGGRESSIVE;
				GCC_WARN_UNUSED_FUNCTION = YES;
				GCC_WARN_UNUSED_VARIABLE = YES;
				IPHONEOS_DEPLOYMENT_TARGET = 14.4;
				MTL_ENABLE_DEBUG_INFO = INCLUDE_SOURCE;
				MTL_FAST_MATH = YES;
				ONLY_ACTIVE_ARCH = YES;
				SDKROOT = iphoneos;
				SWIFT_ACTIVE_COMPILATION_CONDITIONS = DEBUG;
				SWIFT_OPTIMIZATION_LEVEL = "-Onone";
			};
			name = Debug;
		};
		214CE6B725D7D3AD0079A959 /* Release */ = {
			isa = XCBuildConfiguration;
			buildSettings = {
				ALWAYS_SEARCH_USER_PATHS = NO;
				CLANG_ANALYZER_NONNULL = YES;
				CLANG_ANALYZER_NUMBER_OBJECT_CONVERSION = YES_AGGRESSIVE;
				CLANG_CXX_LANGUAGE_STANDARD = "gnu++14";
				CLANG_CXX_LIBRARY = "libc++";
				CLANG_ENABLE_MODULES = YES;
				CLANG_ENABLE_OBJC_ARC = YES;
				CLANG_ENABLE_OBJC_WEAK = YES;
				CLANG_WARN_BLOCK_CAPTURE_AUTORELEASING = YES;
				CLANG_WARN_BOOL_CONVERSION = YES;
				CLANG_WARN_COMMA = YES;
				CLANG_WARN_CONSTANT_CONVERSION = YES;
				CLANG_WARN_DEPRECATED_OBJC_IMPLEMENTATIONS = YES;
				CLANG_WARN_DIRECT_OBJC_ISA_USAGE = YES_ERROR;
				CLANG_WARN_DOCUMENTATION_COMMENTS = YES;
				CLANG_WARN_EMPTY_BODY = YES;
				CLANG_WARN_ENUM_CONVERSION = YES;
				CLANG_WARN_INFINITE_RECURSION = YES;
				CLANG_WARN_INT_CONVERSION = YES;
				CLANG_WARN_NON_LITERAL_NULL_CONVERSION = YES;
				CLANG_WARN_OBJC_IMPLICIT_RETAIN_SELF = YES;
				CLANG_WARN_OBJC_LITERAL_CONVERSION = YES;
				CLANG_WARN_OBJC_ROOT_CLASS = YES_ERROR;
				CLANG_WARN_QUOTED_INCLUDE_IN_FRAMEWORK_HEADER = YES;
				CLANG_WARN_RANGE_LOOP_ANALYSIS = YES;
				CLANG_WARN_STRICT_PROTOTYPES = YES;
				CLANG_WARN_SUSPICIOUS_MOVE = YES;
				CLANG_WARN_UNGUARDED_AVAILABILITY = YES_AGGRESSIVE;
				CLANG_WARN_UNREACHABLE_CODE = YES;
				CLANG_WARN__DUPLICATE_METHOD_MATCH = YES;
				COPY_PHASE_STRIP = NO;
				DEBUG_INFORMATION_FORMAT = "dwarf-with-dsym";
				ENABLE_NS_ASSERTIONS = NO;
				ENABLE_STRICT_OBJC_MSGSEND = YES;
				GCC_C_LANGUAGE_STANDARD = gnu11;
				GCC_NO_COMMON_BLOCKS = YES;
				GCC_WARN_64_TO_32_BIT_CONVERSION = YES;
				GCC_WARN_ABOUT_RETURN_TYPE = YES_ERROR;
				GCC_WARN_UNDECLARED_SELECTOR = YES;
				GCC_WARN_UNINITIALIZED_AUTOS = YES_AGGRESSIVE;
				GCC_WARN_UNUSED_FUNCTION = YES;
				GCC_WARN_UNUSED_VARIABLE = YES;
				IPHONEOS_DEPLOYMENT_TARGET = 14.4;
				MTL_ENABLE_DEBUG_INFO = NO;
				MTL_FAST_MATH = YES;
				SDKROOT = iphoneos;
				SWIFT_COMPILATION_MODE = wholemodule;
				SWIFT_OPTIMIZATION_LEVEL = "-O";
				VALIDATE_PRODUCT = YES;
			};
			name = Release;
		};
		214CE6B925D7D3AD0079A959 /* Debug */ = {
			isa = XCBuildConfiguration;
			buildSettings = {
				ASSETCATALOG_COMPILER_APPICON_NAME = AppIcon;
				ASSETCATALOG_COMPILER_GLOBAL_ACCENT_COLOR_NAME = AccentColor;
				CODE_SIGN_STYLE = Automatic;
				DEVELOPMENT_TEAM = 7GQ4HC85BS;
				INFOPLIST_FILE = Project2/Info.plist;
				LD_RUNPATH_SEARCH_PATHS = (
					"$(inherited)",
					"@executable_path/Frameworks",
				);
				PRODUCT_BUNDLE_IDENTIFIER = com.tarasova.Project2;
				PRODUCT_NAME = "$(TARGET_NAME)";
				SWIFT_VERSION = 5.0;
				TARGETED_DEVICE_FAMILY = "1,2";
			};
			name = Debug;
		};
		214CE6BA25D7D3AD0079A959 /* Release */ = {
			isa = XCBuildConfiguration;
			buildSettings = {
				ASSETCATALOG_COMPILER_APPICON_NAME = AppIcon;
				ASSETCATALOG_COMPILER_GLOBAL_ACCENT_COLOR_NAME = AccentColor;
				CODE_SIGN_STYLE = Automatic;
				DEVELOPMENT_TEAM = 7GQ4HC85BS;
				INFOPLIST_FILE = Project2/Info.plist;
				LD_RUNPATH_SEARCH_PATHS = (
					"$(inherited)",
					"@executable_path/Frameworks",
				);
				PRODUCT_BUNDLE_IDENTIFIER = com.tarasova.Project2;
				PRODUCT_NAME = "$(TARGET_NAME)";
				SWIFT_VERSION = 5.0;
				TARGETED_DEVICE_FAMILY = "1,2";
			};
			name = Release;
		};
		214CE6BC25D7D3AD0079A959 /* Debug */ = {
			isa = XCBuildConfiguration;
			buildSettings = {
				ALWAYS_EMBED_SWIFT_STANDARD_LIBRARIES = YES;
				BUNDLE_LOADER = "$(TEST_HOST)";
				CODE_SIGN_STYLE = Automatic;
				DEVELOPMENT_TEAM = 7GQ4HC85BS;
				INFOPLIST_FILE = Project2Tests/Info.plist;
				IPHONEOS_DEPLOYMENT_TARGET = 14.4;
				LD_RUNPATH_SEARCH_PATHS = (
					"$(inherited)",
					"@executable_path/Frameworks",
					"@loader_path/Frameworks",
				);
				PRODUCT_BUNDLE_IDENTIFIER = com.tarasova.Project2Tests;
				PRODUCT_NAME = "$(TARGET_NAME)";
				SWIFT_VERSION = 5.0;
				TARGETED_DEVICE_FAMILY = "1,2";
				TEST_HOST = "$(BUILT_PRODUCTS_DIR)/Project2.app/Project2";
			};
			name = Debug;
		};
		214CE6BD25D7D3AD0079A959 /* Release */ = {
			isa = XCBuildConfiguration;
			buildSettings = {
				ALWAYS_EMBED_SWIFT_STANDARD_LIBRARIES = YES;
				BUNDLE_LOADER = "$(TEST_HOST)";
				CODE_SIGN_STYLE = Automatic;
				DEVELOPMENT_TEAM = 7GQ4HC85BS;
				INFOPLIST_FILE = Project2Tests/Info.plist;
				IPHONEOS_DEPLOYMENT_TARGET = 14.4;
				LD_RUNPATH_SEARCH_PATHS = (
					"$(inherited)",
					"@executable_path/Frameworks",
					"@loader_path/Frameworks",
				);
				PRODUCT_BUNDLE_IDENTIFIER = com.tarasova.Project2Tests;
				PRODUCT_NAME = "$(TARGET_NAME)";
				SWIFT_VERSION = 5.0;
				TARGETED_DEVICE_FAMILY = "1,2";
				TEST_HOST = "$(BUILT_PRODUCTS_DIR)/Project2.app/Project2";
			};
			name = Release;
		};
		214CE6BF25D7D3AD0079A959 /* Debug */ = {
			isa = XCBuildConfiguration;
			buildSettings = {
				ALWAYS_EMBED_SWIFT_STANDARD_LIBRARIES = YES;
				CODE_SIGN_STYLE = Automatic;
				DEVELOPMENT_TEAM = 7GQ4HC85BS;
				INFOPLIST_FILE = Project2UITests/Info.plist;
				LD_RUNPATH_SEARCH_PATHS = (
					"$(inherited)",
					"@executable_path/Frameworks",
					"@loader_path/Frameworks",
				);
				PRODUCT_BUNDLE_IDENTIFIER = com.tarasova.Project2UITests;
				PRODUCT_NAME = "$(TARGET_NAME)";
				SWIFT_VERSION = 5.0;
				TARGETED_DEVICE_FAMILY = "1,2";
				TEST_TARGET_NAME = Project2;
			};
			name = Debug;
		};
		214CE6C025D7D3AD0079A959 /* Release */ = {
			isa = XCBuildConfiguration;
			buildSettings = {
				ALWAYS_EMBED_SWIFT_STANDARD_LIBRARIES = YES;
				CODE_SIGN_STYLE = Automatic;
				DEVELOPMENT_TEAM = 7GQ4HC85BS;
				INFOPLIST_FILE = Project2UITests/Info.plist;
				LD_RUNPATH_SEARCH_PATHS = (
					"$(inherited)",
					"@executable_path/Frameworks",
					"@loader_path/Frameworks",
				);
				PRODUCT_BUNDLE_IDENTIFIER = com.tarasova.Project2UITests;
				PRODUCT_NAME = "$(TARGET_NAME)";
				SWIFT_VERSION = 5.0;
				TARGETED_DEVICE_FAMILY = "1,2";
				TEST_TARGET_NAME = Project2;
			};
			name = Release;
		};
/* End XCBuildConfiguration section */

/* Begin XCConfigurationList section */
		214CE68925D7D3AC0079A959 /* Build configuration list for PBXProject "Project2" */ = {
			isa = XCConfigurationList;
			buildConfigurations = (
				214CE6B625D7D3AD0079A959 /* Debug */,
				214CE6B725D7D3AD0079A959 /* Release */,
			);
			defaultConfigurationIsVisible = 0;
			defaultConfigurationName = Release;
		};
		214CE6B825D7D3AD0079A959 /* Build configuration list for PBXNativeTarget "Project2" */ = {
			isa = XCConfigurationList;
			buildConfigurations = (
				214CE6B925D7D3AD0079A959 /* Debug */,
				214CE6BA25D7D3AD0079A959 /* Release */,
			);
			defaultConfigurationIsVisible = 0;
			defaultConfigurationName = Release;
		};
		214CE6BB25D7D3AD0079A959 /* Build configuration list for PBXNativeTarget "Project2Tests" */ = {
			isa = XCConfigurationList;
			buildConfigurations = (
				214CE6BC25D7D3AD0079A959 /* Debug */,
				214CE6BD25D7D3AD0079A959 /* Release */,
			);
			defaultConfigurationIsVisible = 0;
			defaultConfigurationName = Release;
		};
		214CE6BE25D7D3AD0079A959 /* Build configuration list for PBXNativeTarget "Project2UITests" */ = {
			isa = XCConfigurationList;
			buildConfigurations = (
				214CE6BF25D7D3AD0079A959 /* Debug */,
				214CE6C025D7D3AD0079A959 /* Release */,
			);
			defaultConfigurationIsVisible = 0;
			defaultConfigurationName = Release;
		};
/* End XCConfigurationList section */
	};
	rootObject = 214CE68625D7D3AC0079A959 /* Project object */;
}
